
Microsoft Visual Studio Solution File, Format Version 12.00
# Visual Studio Version 16
VisualStudioVersion = 16.0.29609.76
MinimumVisualStudioVersion = 10.0.40219.1
Project("{FAE04EC0-301F-11D3-BF4B-00C04F79EFBC}") = "Lab12_Serialization_JSON", "Lab12_Serialization_JSON.csproj", "{0ACD6D7C-EFB4-4929-AF1E-1DE2D1D3146C}"
EndProject
Global
	GlobalSection(SolutionConfigurationPlatforms) = preSolution
		Debug|Any CPU = Debug|Any CPU
		Release|Any CPU = Release|Any CPU
	EndGlobalSection
	GlobalSection(ProjectConfigurationPlatforms) = postSolution
		{0ACD6D7C-EFB4-4929-AF1E-1DE2D1D3146C}.Debug|Any CPU.ActiveCfg = Debug|Any CPU
		{0ACD6D7C-EFB4-4929-AF1E-1DE2D1D3146C}.Debug|Any CPU.Build.0 = Debug|Any CPU
		{0ACD6D7C-EFB4-4929-AF1E-1DE2D1D3146C}.Release|Any CPU.ActiveCfg = Release|Any CPU
		{0ACD6D7C-EFB4-4929-AF1E-1DE2D1D3146C}.Release|Any CPU.Build.0 = Release|Any CPU
	EndGlobalSection
	GlobalSection(SolutionProperties) = preSolution
		HideSolutionNode = FALSE
	EndGlobalSection
	GlobalSection(ExtensibilityGlobals) = postSolution
		SolutionGuid = {36064B18-19C5-4919-9B2A-508C6B08E5C4}
	EndGlobalSection
EndGlobal
